
Microsoft Visual Studio Solution File, Format Version 12.00
# Visual Studio 15
Project("{FAE04EC0-301F-11D3-BF4B-00C04F79EFBC}") = "WarSPix", "WarSPix.csproj", "{FFEEFB9A-B928-BAAF-1AA7-044D79074114}"
EndProject
Global
	GlobalSection(SolutionConfigurationPlatforms) = preSolution
		Debug|Any CPU = Debug|Any CPU
		Release|Any CPU = Release|Any CPU
	EndGlobalSection
	GlobalSection(ProjectConfigurationPlatforms) = postSolution
		{FFEEFB9A-B928-BAAF-1AA7-044D79074114}.Debug|Any CPU.ActiveCfg = Debug|Any CPU
		{FFEEFB9A-B928-BAAF-1AA7-044D79074114}.Debug|Any CPU.Build.0 = Debug|Any CPU
		{FFEEFB9A-B928-BAAF-1AA7-044D79074114}.Release|Any CPU.ActiveCfg = Release|Any CPU
		{FFEEFB9A-B928-BAAF-1AA7-044D79074114}.Release|Any CPU.Build.0 = Release|Any CPU
	EndGlobalSection
	GlobalSection(SolutionProperties) = preSolution
		HideSolutionNode = FALSE
	EndGlobalSection
EndGlobal
